
Microsoft Visual Studio Solution File, Format Version 12.00
# Visual Studio Version 17
VisualStudioVersion = 17.5.002.0
MinimumVisualStudioVersion = 10.0.40219.1
Project("{9A19103F-16F7-4668-BE54-9A1E7A4F7556}") = "EmployeeApp", "EmployeeApp.csproj", "{226A17E8-7511-45A1-ABC6-8C172C77CCC7}"
EndProject
Global
	GlobalSection(SolutionConfigurationPlatforms) = preSolution
		Debug|Any CPU = Debug|Any CPU
		Release|Any CPU = Release|Any CPU
	EndGlobalSection
	GlobalSection(ProjectConfigurationPlatforms) = postSolution
		{226A17E8-7511-45A1-ABC6-8C172C77CCC7}.Debug|Any CPU.ActiveCfg = Debug|Any CPU
		{226A17E8-7511-45A1-ABC6-8C172C77CCC7}.Debug|Any CPU.Build.0 = Debug|Any CPU
		{226A17E8-7511-45A1-ABC6-8C172C77CCC7}.Release|Any CPU.ActiveCfg = Release|Any CPU
		{226A17E8-7511-45A1-ABC6-8C172C77CCC7}.Release|Any CPU.Build.0 = Release|Any CPU
	EndGlobalSection
	GlobalSection(SolutionProperties) = preSolution
		HideSolutionNode = FALSE
	EndGlobalSection
	GlobalSection(ExtensibilityGlobals) = postSolution
		SolutionGuid = {2DE96EE9-FD79-45B6-984A-7F003C6F4AE9}
	EndGlobalSection
EndGlobal
